
Microsoft Visual Studio Solution File, Format Version 12.00
# 
Project("{FAE04EC0-301F-11D3-BF4B-00C04F79EFBC}") = "Pie", "Pie\Pie.csproj", "{B09ED936-BC60-4587-9AFD-0400A5EB2141}"
EndProject
Project("{FAE04EC0-301F-11D3-BF4B-00C04F79EFBC}") = "Pie.Utils", "Pie.Utils\Pie.Utils.csproj", "{ECC33571-2DC2-4151-9253-163E162E915A}"
EndProject
Project("{FAE04EC0-301F-11D3-BF4B-00C04F79EFBC}") = "Pie.ShaderCompiler", "Pie.ShaderCompiler\Pie.ShaderCompiler.csproj", "{DDC165C5-B3D9-4083-9855-43047DA30956}"
EndProject
Project("{FAE04EC0-301F-11D3-BF4B-00C04F79EFBC}") = "Pie.Audio", "Pie.Audio\Pie.Audio.csproj", "{CF5E9358-1548-4102-9D8A-4070A1E1F53D}"
EndProject
Project("{FAE04EC0-301F-11D3-BF4B-00C04F79EFBC}") = "Pie.Windowing", "Pie.Windowing\Pie.Windowing.csproj", "{E0EF6E4A-E0DC-4E02-BAAB-4A8CBA3EAA1C}"
EndProject
Project("{FAE04EC0-301F-11D3-BF4B-00C04F79EFBC}") = "Pie.Extensions.SilkWindowing", "Pie.Extensions.SilkWindowing\Pie.Extensions.SilkWindowing.csproj", "{FDBF3E89-EBB3-4A49-A54D-57FAF932FB38}"
EndProject
Project("{FAE04EC0-301F-11D3-BF4B-00C04F79EFBC}") = "Pie.Text", "Pie.Text\Pie.Text.csproj", "{6E6A1480-FF25-45A6-BDDB-904E07DCA291}"
EndProject
Project("{FAE04EC0-301F-11D3-BF4B-00C04F79EFBC}") = "Pie.Tests", "Pie.Tests\Pie.Tests.csproj", "{DC827A20-033A-4AE7-AC67-C52F81393234}"
EndProject
Project("{2150E333-8FDC-42A3-9474-1A3956D46DE8}") = "Spirzza", "Spirzza", "{CDAFB1A5-86AD-4250-8F49-29B2BD21F73E}"
EndProject
Project("{2150E333-8FDC-42A3-9474-1A3956D46DE8}") = "sources", "sources", "{FFABDDD0-4FAA-493B-9CE5-2D946028A056}"
EndProject
Project("{2150E333-8FDC-42A3-9474-1A3956D46DE8}") = "Spirzza", "Spirzza", "{5C9A91A5-4E9A-4353-B620-45DC53C8EDA2}"
EndProject
Project("{2150E333-8FDC-42A3-9474-1A3956D46DE8}") = "Interop", "Interop", "{3F211F61-D155-44F5-983F-A48579CC3E07}"
EndProject
Project("{FAE04EC0-301F-11D3-BF4B-00C04F79EFBC}") = "Spirzza.Interop.SpirvCross", "Spirzza\sources\Spirzza\Interop\SpirvCross\Spirzza.Interop.SpirvCross.csproj", "{4963773B-3BD3-4277-B1B5-E5629B8DA983}"
EndProject
Global
	GlobalSection(SolutionConfigurationPlatforms) = preSolution
		Debug|Any CPU = Debug|Any CPU
		Release|Any CPU = Release|Any CPU
	EndGlobalSection
	GlobalSection(ProjectConfigurationPlatforms) = postSolution
		{B09ED936-BC60-4587-9AFD-0400A5EB2141}.Debug|Any CPU.ActiveCfg = Debug|Any CPU
		{B09ED936-BC60-4587-9AFD-0400A5EB2141}.Debug|Any CPU.Build.0 = Debug|Any CPU
		{B09ED936-BC60-4587-9AFD-0400A5EB2141}.Release|Any CPU.ActiveCfg = Release|Any CPU
		{B09ED936-BC60-4587-9AFD-0400A5EB2141}.Release|Any CPU.Build.0 = Release|Any CPU
		{ECC33571-2DC2-4151-9253-163E162E915A}.Debug|Any CPU.ActiveCfg = Debug|Any CPU
		{ECC33571-2DC2-4151-9253-163E162E915A}.Debug|Any CPU.Build.0 = Debug|Any CPU
		{ECC33571-2DC2-4151-9253-163E162E915A}.Release|Any CPU.ActiveCfg = Release|Any CPU
		{ECC33571-2DC2-4151-9253-163E162E915A}.Release|Any CPU.Build.0 = Release|Any CPU
		{DDC165C5-B3D9-4083-9855-43047DA30956}.Debug|Any CPU.ActiveCfg = Debug|Any CPU
		{DDC165C5-B3D9-4083-9855-43047DA30956}.Debug|Any CPU.Build.0 = Debug|Any CPU
		{DDC165C5-B3D9-4083-9855-43047DA30956}.Release|Any CPU.ActiveCfg = Release|Any CPU
		{DDC165C5-B3D9-4083-9855-43047DA30956}.Release|Any CPU.Build.0 = Release|Any CPU
		{CF5E9358-1548-4102-9D8A-4070A1E1F53D}.Debug|Any CPU.ActiveCfg = Debug|Any CPU
		{CF5E9358-1548-4102-9D8A-4070A1E1F53D}.Debug|Any CPU.Build.0 = Debug|Any CPU
		{CF5E9358-1548-4102-9D8A-4070A1E1F53D}.Release|Any CPU.ActiveCfg = Release|Any CPU
		{CF5E9358-1548-4102-9D8A-4070A1E1F53D}.Release|Any CPU.Build.0 = Release|Any CPU
		{E0EF6E4A-E0DC-4E02-BAAB-4A8CBA3EAA1C}.Debug|Any CPU.ActiveCfg = Debug|Any CPU
		{E0EF6E4A-E0DC-4E02-BAAB-4A8CBA3EAA1C}.Debug|Any CPU.Build.0 = Debug|Any CPU
		{E0EF6E4A-E0DC-4E02-BAAB-4A8CBA3EAA1C}.Release|Any CPU.ActiveCfg = Release|Any CPU
		{E0EF6E4A-E0DC-4E02-BAAB-4A8CBA3EAA1C}.Release|Any CPU.Build.0 = Release|Any CPU
		{FDBF3E89-EBB3-4A49-A54D-57FAF932FB38}.Debug|Any CPU.ActiveCfg = Debug|Any CPU
		{FDBF3E89-EBB3-4A49-A54D-57FAF932FB38}.Debug|Any CPU.Build.0 = Debug|Any CPU
		{FDBF3E89-EBB3-4A49-A54D-57FAF932FB38}.Release|Any CPU.ActiveCfg = Release|Any CPU
		{FDBF3E89-EBB3-4A49-A54D-57FAF932FB38}.Release|Any CPU.Build.0 = Release|Any CPU
		{6E6A1480-FF25-45A6-BDDB-904E07DCA291}.Debug|Any CPU.ActiveCfg = Debug|Any CPU
		{6E6A1480-FF25-45A6-BDDB-904E07DCA291}.Debug|Any CPU.Build.0 = Debug|Any CPU
		{6E6A1480-FF25-45A6-BDDB-904E07DCA291}.Release|Any CPU.ActiveCfg = Release|Any CPU
		{6E6A1480-FF25-45A6-BDDB-904E07DCA291}.Release|Any CPU.Build.0 = Release|Any CPU
		{DC827A20-033A-4AE7-AC67-C52F81393234}.Debug|Any CPU.ActiveCfg = Debug|Any CPU
		{DC827A20-033A-4AE7-AC67-C52F81393234}.Debug|Any CPU.Build.0 = Debug|Any CPU
		{DC827A20-033A-4AE7-AC67-C52F81393234}.Release|Any CPU.ActiveCfg = Release|Any CPU
		{DC827A20-033A-4AE7-AC67-C52F81393234}.Release|Any CPU.Build.0 = Release|Any CPU
		{4963773B-3BD3-4277-B1B5-E5629B8DA983}.Debug|Any CPU.ActiveCfg = Debug|Any CPU
		{4963773B-3BD3-4277-B1B5-E5629B8DA983}.Debug|Any CPU.Build.0 = Debug|Any CPU
		{4963773B-3BD3-4277-B1B5-E5629B8DA983}.Release|Any CPU.ActiveCfg = Release|Any CPU
		{4963773B-3BD3-4277-B1B5-E5629B8DA983}.Release|Any CPU.Build.0 = Release|Any CPU
	EndGlobalSection
	GlobalSection(NestedProjects) = preSolution
		{FFABDDD0-4FAA-493B-9CE5-2D946028A056} = {CDAFB1A5-86AD-4250-8F49-29B2BD21F73E}
		{5C9A91A5-4E9A-4353-B620-45DC53C8EDA2} = {FFABDDD0-4FAA-493B-9CE5-2D946028A056}
		{3F211F61-D155-44F5-983F-A48579CC3E07} = {5C9A91A5-4E9A-4353-B620-45DC53C8EDA2}
		{4963773B-3BD3-4277-B1B5-E5629B8DA983} = {3F211F61-D155-44F5-983F-A48579CC3E07}
	EndGlobalSection
EndGlobal
