
Microsoft Visual Studio Solution File, Format Version 12.00
Project("{FAE04EC0-301F-11D3-BF4B-00C04F79EFBC}") = "Pie.Graphics", "Pie.Graphics\Pie.Graphics.csproj", "{B09ED936-BC60-4587-9AFD-0400A5EB2141}"
EndProject
Project("{FAE04EC0-301F-11D3-BF4B-00C04F79EFBC}") = "Pie.Utils", "Pie.Utils\Pie.Utils.csproj", "{ECC33571-2DC2-4151-9253-163E162E915A}"
EndProject
Project("{FAE04EC0-301F-11D3-BF4B-00C04F79EFBC}") = "Pie.ShaderCompiler", "Pie.ShaderCompiler\Pie.ShaderCompiler.csproj", "{DDC165C5-B3D9-4083-9855-43047DA30956}"
EndProject
Project("{FAE04EC0-301F-11D3-BF4B-00C04F79EFBC}") = "Pie.Audio", "Pie.Audio\Pie.Audio.csproj", "{CF5E9358-1548-4102-9D8A-4070A1E1F53D}"
EndProject
Global
	GlobalSection(SolutionConfigurationPlatforms) = preSolution
		Debug|Any CPU = Debug|Any CPU
		Release|Any CPU = Release|Any CPU
	EndGlobalSection
	GlobalSection(ProjectConfigurationPlatforms) = postSolution
		{B09ED936-BC60-4587-9AFD-0400A5EB2141}.Debug|Any CPU.ActiveCfg = Debug|Any CPU
		{B09ED936-BC60-4587-9AFD-0400A5EB2141}.Debug|Any CPU.Build.0 = Debug|Any CPU
		{B09ED936-BC60-4587-9AFD-0400A5EB2141}.Release|Any CPU.ActiveCfg = Release|Any CPU
		{B09ED936-BC60-4587-9AFD-0400A5EB2141}.Release|Any CPU.Build.0 = Release|Any CPU
		{ECC33571-2DC2-4151-9253-163E162E915A}.Debug|Any CPU.ActiveCfg = Debug|Any CPU
		{ECC33571-2DC2-4151-9253-163E162E915A}.Debug|Any CPU.Build.0 = Debug|Any CPU
		{ECC33571-2DC2-4151-9253-163E162E915A}.Release|Any CPU.ActiveCfg = Release|Any CPU
		{ECC33571-2DC2-4151-9253-163E162E915A}.Release|Any CPU.Build.0 = Release|Any CPU
		{DDC165C5-B3D9-4083-9855-43047DA30956}.Debug|Any CPU.ActiveCfg = Debug|Any CPU
		{DDC165C5-B3D9-4083-9855-43047DA30956}.Debug|Any CPU.Build.0 = Debug|Any CPU
		{DDC165C5-B3D9-4083-9855-43047DA30956}.Release|Any CPU.ActiveCfg = Release|Any CPU
		{DDC165C5-B3D9-4083-9855-43047DA30956}.Release|Any CPU.Build.0 = Release|Any CPU
		{CF5E9358-1548-4102-9D8A-4070A1E1F53D}.Debug|Any CPU.ActiveCfg = Debug|Any CPU
		{CF5E9358-1548-4102-9D8A-4070A1E1F53D}.Debug|Any CPU.Build.0 = Debug|Any CPU
		{CF5E9358-1548-4102-9D8A-4070A1E1F53D}.Release|Any CPU.ActiveCfg = Release|Any CPU
		{CF5E9358-1548-4102-9D8A-4070A1E1F53D}.Release|Any CPU.Build.0 = Release|Any CPU
	EndGlobalSection
EndGlobal
